
Microsoft Visual Studio Solution File, Format Version 12.00
# Visual Studio Version 17
VisualStudioVersion = 17.8.34408.163
MinimumVisualStudioVersion = 10.0.40219.1
Project("{FAE04EC0-301F-11D3-BF4B-00C04F79EFBC}") = "BookMVC", "BookMVC.csproj", "{46BF83E7-A319-4C75-BF85-40BB99A9F9FD}"
EndProject
Global
	GlobalSection(SolutionConfigurationPlatforms) = preSolution
		Debug|Any CPU = Debug|Any CPU
		Release|Any CPU = Release|Any CPU
	EndGlobalSection
	GlobalSection(ProjectConfigurationPlatforms) = postSolution
		{46BF83E7-A319-4C75-BF85-40BB99A9F9FD}.Debug|Any CPU.ActiveCfg = Debug|Any CPU
		{46BF83E7-A319-4C75-BF85-40BB99A9F9FD}.Debug|Any CPU.Build.0 = Debug|Any CPU
		{46BF83E7-A319-4C75-BF85-40BB99A9F9FD}.Release|Any CPU.ActiveCfg = Release|Any CPU
		{46BF83E7-A319-4C75-BF85-40BB99A9F9FD}.Release|Any CPU.Build.0 = Release|Any CPU
	EndGlobalSection
	GlobalSection(SolutionProperties) = preSolution
		HideSolutionNode = FALSE
	EndGlobalSection
	GlobalSection(ExtensibilityGlobals) = postSolution
		SolutionGuid = {DE62AC3D-DE72-49FC-857D-9FF94783A4CD}
	EndGlobalSection
EndGlobal
